// !$*UTF8*$!
{
	archiveVersion = 1;
	classes = {
	};
	objectVersion = 56;
	objects = {

/* Begin PBXBuildFile section */
		60C2B0D3DEF4F538AF9A38C4 /* Pods_Doors.framework in Frameworks */ = {isa = PBXBuildFile; fileRef = F60339D563321BA7CB93C695 /* Pods_Doors.framework */; };
		702B52D3296EDDF100AA1A26 /* Sk-Modernist-Bold.otf in Resources */ = {isa = PBXBuildFile; fileRef = 702B52D2296EDDE800AA1A26 /* Sk-Modernist-Bold.otf */; };
		702B52D9296EE2E800AA1A26 /* CustomFont.swift in Sources */ = {isa = PBXBuildFile; fileRef = 702B52D8296EE2E800AA1A26 /* CustomFont.swift */; };
		702B52DB296F51F700AA1A26 /* CustomTableViewCell.swift in Sources */ = {isa = PBXBuildFile; fileRef = 702B52DA296F51F700AA1A26 /* CustomTableViewCell.swift */; };
		70CE1A77296D7EC600031E68 /* AppDelegate.swift in Sources */ = {isa = PBXBuildFile; fileRef = 70CE1A76296D7EC600031E68 /* AppDelegate.swift */; };
		70CE1A79296D7EC600031E68 /* SceneDelegate.swift in Sources */ = {isa = PBXBuildFile; fileRef = 70CE1A78296D7EC600031E68 /* SceneDelegate.swift */; };
		70CE1A7B296D7EC600031E68 /* MainViewController.swift in Sources */ = {isa = PBXBuildFile; fileRef = 70CE1A7A296D7EC600031E68 /* MainViewController.swift */; };
		70CE1A80296D7EC700031E68 /* Assets.xcassets in Resources */ = {isa = PBXBuildFile; fileRef = 70CE1A7F296D7EC700031E68 /* Assets.xcassets */; };
		70CE1A83296D7EC700031E68 /* LaunchScreen.storyboard in Resources */ = {isa = PBXBuildFile; fileRef = 70CE1A81296D7EC700031E68 /* LaunchScreen.storyboard */; };
		70CE1A8B296D809600031E68 /* .gitignore in Resources */ = {isa = PBXBuildFile; fileRef = 70CE1A8A296D809600031E68 /* .gitignore */; };
		70D0D5DC296FFA7B00DA0976 /* DoorModel.swift in Sources */ = {isa = PBXBuildFile; fileRef = 70D0D5DB296FFA7B00DA0976 /* DoorModel.swift */; };
/* End PBXBuildFile section */

/* Begin PBXFileReference section */
		702B52D2296EDDE800AA1A26 /* Sk-Modernist-Bold.otf */ = {isa = PBXFileReference; lastKnownFileType = file; path = "Sk-Modernist-Bold.otf"; sourceTree = "<group>"; };
		702B52D8296EE2E800AA1A26 /* CustomFont.swift */ = {isa = PBXFileReference; lastKnownFileType = sourcecode.swift; path = CustomFont.swift; sourceTree = "<group>"; };
		702B52DA296F51F700AA1A26 /* CustomTableViewCell.swift */ = {isa = PBXFileReference; lastKnownFileType = sourcecode.swift; path = CustomTableViewCell.swift; sourceTree = "<group>"; };
		70CE1A73296D7EC600031E68 /* Doors.app */ = {isa = PBXFileReference; explicitFileType = wrapper.application; includeInIndex = 0; path = Doors.app; sourceTree = BUILT_PRODUCTS_DIR; };
		70CE1A76296D7EC600031E68 /* AppDelegate.swift */ = {isa = PBXFileReference; lastKnownFileType = sourcecode.swift; path = AppDelegate.swift; sourceTree = "<group>"; };
		70CE1A78296D7EC600031E68 /* SceneDelegate.swift */ = {isa = PBXFileReference; lastKnownFileType = sourcecode.swift; path = SceneDelegate.swift; sourceTree = "<group>"; };
		70CE1A7A296D7EC600031E68 /* MainViewController.swift */ = {isa = PBXFileReference; lastKnownFileType = sourcecode.swift; path = MainViewController.swift; sourceTree = "<group>"; };
		70CE1A7F296D7EC700031E68 /* Assets.xcassets */ = {isa = PBXFileReference; lastKnownFileType = folder.assetcatalog; path = Assets.xcassets; sourceTree = "<group>"; };
		70CE1A82296D7EC700031E68 /* Base */ = {isa = PBXFileReference; lastKnownFileType = file.storyboard; name = Base; path = Base.lproj/LaunchScreen.storyboard; sourceTree = "<group>"; };
		70CE1A84296D7EC700031E68 /* Info.plist */ = {isa = PBXFileReference; lastKnownFileType = text.plist.xml; path = Info.plist; sourceTree = "<group>"; };
		70CE1A8A296D809600031E68 /* .gitignore */ = {isa = PBXFileReference; lastKnownFileType = text; path = .gitignore; sourceTree = "<group>"; };
		70D0D5DB296FFA7B00DA0976 /* DoorModel.swift */ = {isa = PBXFileReference; lastKnownFileType = sourcecode.swift; path = DoorModel.swift; sourceTree = "<group>"; };
		70D0D5DD296FFCA700DA0976 /* Sk-Modernist-Regular.otf */ = {isa = PBXFileReference; lastKnownFileType = file; path = "Sk-Modernist-Regular.otf"; sourceTree = "<group>"; };
		E44DAB02C3F52519A7B7060E /* Pods-Doors.release.xcconfig */ = {isa = PBXFileReference; includeInIndex = 1; lastKnownFileType = text.xcconfig; name = "Pods-Doors.release.xcconfig"; path = "Target Support Files/Pods-Doors/Pods-Doors.release.xcconfig"; sourceTree = "<group>"; };
		EF91784F1552651AFCBB1FC2 /* Pods-Doors.debug.xcconfig */ = {isa = PBXFileReference; includeInIndex = 1; lastKnownFileType = text.xcconfig; name = "Pods-Doors.debug.xcconfig"; path = "Target Support Files/Pods-Doors/Pods-Doors.debug.xcconfig"; sourceTree = "<group>"; };
		F60339D563321BA7CB93C695 /* Pods_Doors.framework */ = {isa = PBXFileReference; explicitFileType = wrapper.framework; includeInIndex = 0; path = Pods_Doors.framework; sourceTree = BUILT_PRODUCTS_DIR; };
/* End PBXFileReference section */

/* Begin PBXFrameworksBuildPhase section */
		70CE1A70296D7EC600031E68 /* Frameworks */ = {
			isa = PBXFrameworksBuildPhase;
			buildActionMask = 2147483647;
			files = (
				60C2B0D3DEF4F538AF9A38C4 /* Pods_Doors.framework in Frameworks */,
			);
			runOnlyForDeploymentPostprocessing = 0;
		};
/* End PBXFrameworksBuildPhase section */

/* Begin PBXGroup section */
		6437DC00C9B7B21E5671AF85 /* Pods */ = {
			isa = PBXGroup;
			children = (
				EF91784F1552651AFCBB1FC2 /* Pods-Doors.debug.xcconfig */,
				E44DAB02C3F52519A7B7060E /* Pods-Doors.release.xcconfig */,
			);
			path = Pods;
			sourceTree = "<group>";
		};
		702B52D7296EE2A900AA1A26 /* Extension */ = {
			isa = PBXGroup;
			children = (
				702B52D8296EE2E800AA1A26 /* CustomFont.swift */,
			);
			name = Extension;
			path = App;
			sourceTree = "<group>";
		};
		703BB9F8296ED8D000942958 /* Fonts */ = {
			isa = PBXGroup;
			children = (
				702B52D2296EDDE800AA1A26 /* Sk-Modernist-Bold.otf */,
				70D0D5DD296FFCA700DA0976 /* Sk-Modernist-Regular.otf */,
			);
			path = Fonts;
			sourceTree = "<group>";
		};
		70CE1A6A296D7EC500031E68 = {
			isa = PBXGroup;
			children = (
				70CE1A75296D7EC600031E68 /* Doors */,
				70CE1A74296D7EC600031E68 /* Products */,
				6437DC00C9B7B21E5671AF85 /* Pods */,
				9F1C41D21652532AE47F6FB6 /* Frameworks */,
			);
			sourceTree = "<group>";
		};
		70CE1A74296D7EC600031E68 /* Products */ = {
			isa = PBXGroup;
			children = (
				70CE1A73296D7EC600031E68 /* Doors.app */,
			);
			name = Products;
			sourceTree = "<group>";
		};
		70CE1A75296D7EC600031E68 /* Doors */ = {
			isa = PBXGroup;
			children = (
				70CE1A8A296D809600031E68 /* .gitignore */,
				70CE1A8C296D80D200031E68 /* App */,
				70CE1A8D296D810100031E68 /* Controller */,
				70CE1A90296D815E00031E68 /* View */,
				70CE1A8F296D814E00031E68 /* Model */,
				702B52D7296EE2A900AA1A26 /* Extension */,
				70CE1A8E296D811F00031E68 /* Resources */,
				70CE1A84296D7EC700031E68 /* Info.plist */,
			);
			path = Doors;
			sourceTree = "<group>";
		};
		70CE1A8C296D80D200031E68 /* App */ = {
			isa = PBXGroup;
			children = (
				70CE1A76296D7EC600031E68 /* AppDelegate.swift */,
				70CE1A78296D7EC600031E68 /* SceneDelegate.swift */,
				70CE1A81296D7EC700031E68 /* LaunchScreen.storyboard */,
			);
			path = App;
			sourceTree = "<group>";
		};
		70CE1A8D296D810100031E68 /* Controller */ = {
			isa = PBXGroup;
			children = (
				70CE1A7A296D7EC600031E68 /* MainViewController.swift */,
			);
			name = Controller;
			sourceTree = "<group>";
		};
		70CE1A8E296D811F00031E68 /* Resources */ = {
			isa = PBXGroup;
			children = (
				70CE1A7F296D7EC700031E68 /* Assets.xcassets */,
				703BB9F8296ED8D000942958 /* Fonts */,
			);
			path = Resources;
			sourceTree = "<group>";
		};
		70CE1A8F296D814E00031E68 /* Model */ = {
			isa = PBXGroup;
			children = (
				70D0D5DB296FFA7B00DA0976 /* DoorModel.swift */,
			);
			name = Model;
			path = App;
			sourceTree = "<group>";
		};
		70CE1A90296D815E00031E68 /* View */ = {
			isa = PBXGroup;
			children = (
				702B52DA296F51F700AA1A26 /* CustomTableViewCell.swift */,
			);
			name = View;
			path = App;
			sourceTree = "<group>";
		};
		9F1C41D21652532AE47F6FB6 /* Frameworks */ = {
			isa = PBXGroup;
			children = (
				F60339D563321BA7CB93C695 /* Pods_Doors.framework */,
			);
			name = Frameworks;
			sourceTree = "<group>";
		};
/* End PBXGroup section */

/* Begin PBXNativeTarget section */
		70CE1A72296D7EC600031E68 /* Doors */ = {
			isa = PBXNativeTarget;
			buildConfigurationList = 70CE1A87296D7EC700031E68 /* Build configuration list for PBXNativeTarget "Doors" */;
			buildPhases = (
				AE3BDDCDC1E8D2ABB1904AA8 /* [CP] Check Pods Manifest.lock */,
				70CE1A6F296D7EC600031E68 /* Sources */,
				70CE1A70296D7EC600031E68 /* Frameworks */,
				70CE1A71296D7EC600031E68 /* Resources */,
				E84C61DC4C2733E743BC9FF2 /* [CP] Embed Pods Frameworks */,
			);
			buildRules = (
			);
			dependencies = (
			);
			name = Doors;
			productName = Doors;
			productReference = 70CE1A73296D7EC600031E68 /* Doors.app */;
			productType = "com.apple.product-type.application";
		};
/* End PBXNativeTarget section */

/* Begin PBXProject section */
		70CE1A6B296D7EC500031E68 /* Project object */ = {
			isa = PBXProject;
			attributes = {
				BuildIndependentTargetsInParallel = 1;
				LastSwiftUpdateCheck = 1420;
				LastUpgradeCheck = 1420;
				TargetAttributes = {
					70CE1A72296D7EC600031E68 = {
						CreatedOnToolsVersion = 14.2;
					};
				};
			};
			buildConfigurationList = 70CE1A6E296D7EC500031E68 /* Build configuration list for PBXProject "Doors" */;
			compatibilityVersion = "Xcode 14.0";
			developmentRegion = en;
			hasScannedForEncodings = 0;
			knownRegions = (
				en,
				Base,
			);
			mainGroup = 70CE1A6A296D7EC500031E68;
			productRefGroup = 70CE1A74296D7EC600031E68 /* Products */;
			projectDirPath = "";
			projectRoot = "";
			targets = (
				70CE1A72296D7EC600031E68 /* Doors */,
			);
		};
/* End PBXProject section */

/* Begin PBXResourcesBuildPhase section */
		70CE1A71296D7EC600031E68 /* Resources */ = {
			isa = PBXResourcesBuildPhase;
			buildActionMask = 2147483647;
			files = (
				70CE1A83296D7EC700031E68 /* LaunchScreen.storyboard in Resources */,
				70CE1A8B296D809600031E68 /* .gitignore in Resources */,
				70CE1A80296D7EC700031E68 /* Assets.xcassets in Resources */,
				702B52D3296EDDF100AA1A26 /* Sk-Modernist-Bold.otf in Resources */,
			);
			runOnlyForDeploymentPostprocessing = 0;
		};
/* End PBXResourcesBuildPhase section */

/* Begin PBXShellScriptBuildPhase section */
		AE3BDDCDC1E8D2ABB1904AA8 /* [CP] Check Pods Manifest.lock */ = {
			isa = PBXShellScriptBuildPhase;
			buildActionMask = 2147483647;
			files = (
			);
			inputFileListPaths = (
			);
			inputPaths = (
				"${PODS_PODFILE_DIR_PATH}/Podfile.lock",
				"${PODS_ROOT}/Manifest.lock",
			);
			name = "[CP] Check Pods Manifest.lock";
			outputFileListPaths = (
			);
			outputPaths = (
				"$(DERIVED_FILE_DIR)/Pods-Doors-checkManifestLockResult.txt",
			);
			runOnlyForDeploymentPostprocessing = 0;
			shellPath = /bin/sh;
			shellScript = "diff \"${PODS_PODFILE_DIR_PATH}/Podfile.lock\" \"${PODS_ROOT}/Manifest.lock\" > /dev/null\nif [ $? != 0 ] ; then\n    # print error to STDERR\n    echo \"error: The sandbox is not in sync with the Podfile.lock. Run 'pod install' or update your CocoaPods installation.\" >&2\n    exit 1\nfi\n# This output is used by Xcode 'outputs' to avoid re-running this script phase.\necho \"SUCCESS\" > \"${SCRIPT_OUTPUT_FILE_0}\"\n";
			showEnvVarsInLog = 0;
		};
		E84C61DC4C2733E743BC9FF2 /* [CP] Embed Pods Frameworks */ = {
			isa = PBXShellScriptBuildPhase;
			buildActionMask = 2147483647;
			files = (
			);
			inputFileListPaths = (
				"${PODS_ROOT}/Target Support Files/Pods-Doors/Pods-Doors-frameworks-${CONFIGURATION}-input-files.xcfilelist",
			);
			name = "[CP] Embed Pods Frameworks";
			outputFileListPaths = (
				"${PODS_ROOT}/Target Support Files/Pods-Doors/Pods-Doors-frameworks-${CONFIGURATION}-output-files.xcfilelist",
			);
			runOnlyForDeploymentPostprocessing = 0;
			shellPath = /bin/sh;
			shellScript = "\"${PODS_ROOT}/Target Support Files/Pods-Doors/Pods-Doors-frameworks.sh\"\n";
			showEnvVarsInLog = 0;
		};
/* End PBXShellScriptBuildPhase section */

/* Begin PBXSourcesBuildPhase section */
		70CE1A6F296D7EC600031E68 /* Sources */ = {
			isa = PBXSourcesBuildPhase;
			buildActionMask = 2147483647;
			files = (
				70CE1A7B296D7EC600031E68 /* MainViewController.swift in Sources */,
				70D0D5DC296FFA7B00DA0976 /* DoorModel.swift in Sources */,
				702B52DB296F51F700AA1A26 /* CustomTableViewCell.swift in Sources */,
				702B52D9296EE2E800AA1A26 /* CustomFont.swift in Sources */,
				70CE1A77296D7EC600031E68 /* AppDelegate.swift in Sources */,
				70CE1A79296D7EC600031E68 /* SceneDelegate.swift in Sources */,
			);
			runOnlyForDeploymentPostprocessing = 0;
		};
/* End PBXSourcesBuildPhase section */

/* Begin PBXVariantGroup section */
		70CE1A81296D7EC700031E68 /* LaunchScreen.storyboard */ = {
			isa = PBXVariantGroup;
			children = (
				70CE1A82296D7EC700031E68 /* Base */,
			);
			name = LaunchScreen.storyboard;
			sourceTree = "<group>";
		};
/* End PBXVariantGroup section */

/* Begin XCBuildConfiguration section */
		70CE1A85296D7EC700031E68 /* Debug */ = {
			isa = XCBuildConfiguration;
			buildSettings = {
				ALWAYS_SEARCH_USER_PATHS = NO;
				CLANG_ANALYZER_NONNULL = YES;
				CLANG_ANALYZER_NUMBER_OBJECT_CONVERSION = YES_AGGRESSIVE;
				CLANG_CXX_LANGUAGE_STANDARD = "gnu++20";
				CLANG_ENABLE_MODULES = YES;
				CLANG_ENABLE_OBJC_ARC = YES;
				CLANG_ENABLE_OBJC_WEAK = YES;
				CLANG_WARN_BLOCK_CAPTURE_AUTORELEASING = YES;
				CLANG_WARN_BOOL_CONVERSION = YES;
				CLANG_WARN_COMMA = YES;
				CLANG_WARN_CONSTANT_CONVERSION = YES;
				CLANG_WARN_DEPRECATED_OBJC_IMPLEMENTATIONS = YES;
				CLANG_WARN_DIRECT_OBJC_ISA_USAGE = YES_ERROR;
				CLANG_WARN_DOCUMENTATION_COMMENTS = YES;
				CLANG_WARN_EMPTY_BODY = YES;
				CLANG_WARN_ENUM_CONVERSION = YES;
				CLANG_WARN_INFINITE_RECURSION = YES;
				CLANG_WARN_INT_CONVERSION = YES;
				CLANG_WARN_NON_LITERAL_NULL_CONVERSION = YES;
				CLANG_WARN_OBJC_IMPLICIT_RETAIN_SELF = YES;
				CLANG_WARN_OBJC_LITERAL_CONVERSION = YES;
				CLANG_WARN_OBJC_ROOT_CLASS = YES_ERROR;
				CLANG_WARN_QUOTED_INCLUDE_IN_FRAMEWORK_HEADER = YES;
				CLANG_WARN_RANGE_LOOP_ANALYSIS = YES;
				CLANG_WARN_STRICT_PROTOTYPES = YES;
				CLANG_WARN_SUSPICIOUS_MOVE = YES;
				CLANG_WARN_UNGUARDED_AVAILABILITY = YES_AGGRESSIVE;
				CLANG_WARN_UNREACHABLE_CODE = YES;
				CLANG_WARN__DUPLICATE_METHOD_MATCH = YES;
				COPY_PHASE_STRIP = NO;
				DEBUG_INFORMATION_FORMAT = dwarf;
				ENABLE_STRICT_OBJC_MSGSEND = YES;
				ENABLE_TESTABILITY = YES;
				GCC_C_LANGUAGE_STANDARD = gnu11;
				GCC_DYNAMIC_NO_PIC = NO;
				GCC_NO_COMMON_BLOCKS = YES;
				GCC_OPTIMIZATION_LEVEL = 0;
				GCC_PREPROCESSOR_DEFINITIONS = (
					"DEBUG=1",
					"$(inherited)",
				);
				GCC_WARN_64_TO_32_BIT_CONVERSION = YES;
				GCC_WARN_ABOUT_RETURN_TYPE = YES_ERROR;
				GCC_WARN_UNDECLARED_SELECTOR = YES;
				GCC_WARN_UNINITIALIZED_AUTOS = YES_AGGRESSIVE;
				GCC_WARN_UNUSED_FUNCTION = YES;
				GCC_WARN_UNUSED_VARIABLE = YES;
				IPHONEOS_DEPLOYMENT_TARGET = 16.2;
				MTL_ENABLE_DEBUG_INFO = INCLUDE_SOURCE;
				MTL_FAST_MATH = YES;
				ONLY_ACTIVE_ARCH = YES;
				SDKROOT = iphoneos;
				SWIFT_ACTIVE_COMPILATION_CONDITIONS = DEBUG;
				SWIFT_OPTIMIZATION_LEVEL = "-Onone";
			};
			name = Debug;
		};
		70CE1A86296D7EC700031E68 /* Release */ = {
			isa = XCBuildConfiguration;
			buildSettings = {
				ALWAYS_SEARCH_USER_PATHS = NO;
				CLANG_ANALYZER_NONNULL = YES;
				CLANG_ANALYZER_NUMBER_OBJECT_CONVERSION = YES_AGGRESSIVE;
				CLANG_CXX_LANGUAGE_STANDARD = "gnu++20";
				CLANG_ENABLE_MODULES = YES;
				CLANG_ENABLE_OBJC_ARC = YES;
				CLANG_ENABLE_OBJC_WEAK = YES;
				CLANG_WARN_BLOCK_CAPTURE_AUTORELEASING = YES;
				CLANG_WARN_BOOL_CONVERSION = YES;
				CLANG_WARN_COMMA = YES;
				CLANG_WARN_CONSTANT_CONVERSION = YES;
				CLANG_WARN_DEPRECATED_OBJC_IMPLEMENTATIONS = YES;
				CLANG_WARN_DIRECT_OBJC_ISA_USAGE = YES_ERROR;
				CLANG_WARN_DOCUMENTATION_COMMENTS = YES;
				CLANG_WARN_EMPTY_BODY = YES;
				CLANG_WARN_ENUM_CONVERSION = YES;
				CLANG_WARN_INFINITE_RECURSION = YES;
				CLANG_WARN_INT_CONVERSION = YES;
				CLANG_WARN_NON_LITERAL_NULL_CONVERSION = YES;
				CLANG_WARN_OBJC_IMPLICIT_RETAIN_SELF = YES;
				CLANG_WARN_OBJC_LITERAL_CONVERSION = YES;
				CLANG_WARN_OBJC_ROOT_CLASS = YES_ERROR;
				CLANG_WARN_QUOTED_INCLUDE_IN_FRAMEWORK_HEADER = YES;
				CLANG_WARN_RANGE_LOOP_ANALYSIS = YES;
				CLANG_WARN_STRICT_PROTOTYPES = YES;
				CLANG_WARN_SUSPICIOUS_MOVE = YES;
				CLANG_WARN_UNGUARDED_AVAILABILITY = YES_AGGRESSIVE;
				CLANG_WARN_UNREACHABLE_CODE = YES;
				CLANG_WARN__DUPLICATE_METHOD_MATCH = YES;
				COPY_PHASE_STRIP = NO;
				DEBUG_INFORMATION_FORMAT = "dwarf-with-dsym";
				ENABLE_NS_ASSERTIONS = NO;
				ENABLE_STRICT_OBJC_MSGSEND = YES;
				GCC_C_LANGUAGE_STANDARD = gnu11;
				GCC_NO_COMMON_BLOCKS = YES;
				GCC_WARN_64_TO_32_BIT_CONVERSION = YES;
				GCC_WARN_ABOUT_RETURN_TYPE = YES_ERROR;
				GCC_WARN_UNDECLARED_SELECTOR = YES;
				GCC_WARN_UNINITIALIZED_AUTOS = YES_AGGRESSIVE;
				GCC_WARN_UNUSED_FUNCTION = YES;
				GCC_WARN_UNUSED_VARIABLE = YES;
				IPHONEOS_DEPLOYMENT_TARGET = 16.2;
				MTL_ENABLE_DEBUG_INFO = NO;
				MTL_FAST_MATH = YES;
				SDKROOT = iphoneos;
				SWIFT_COMPILATION_MODE = wholemodule;
				SWIFT_OPTIMIZATION_LEVEL = "-O";
				VALIDATE_PRODUCT = YES;
			};
			name = Release;
		};
		70CE1A88296D7EC700031E68 /* Debug */ = {
			isa = XCBuildConfiguration;
			baseConfigurationReference = EF91784F1552651AFCBB1FC2 /* Pods-Doors.debug.xcconfig */;
			buildSettings = {
				ASSETCATALOG_COMPILER_APPICON_NAME = AppIcon;
				ASSETCATALOG_COMPILER_GLOBAL_ACCENT_COLOR_NAME = AccentColor;
				CODE_SIGN_STYLE = Automatic;
				CURRENT_PROJECT_VERSION = 1;
				DEVELOPMENT_TEAM = 6PB4D5QX22;
				GENERATE_INFOPLIST_FILE = YES;
				INFOPLIST_FILE = Doors/Info.plist;
				INFOPLIST_KEY_UIApplicationSupportsIndirectInputEvents = YES;
				INFOPLIST_KEY_UILaunchStoryboardName = LaunchScreen;
				INFOPLIST_KEY_UISupportedInterfaceOrientations = UIInterfaceOrientationPortrait;
				INFOPLIST_KEY_UISupportedInterfaceOrientations_iPad = "UIInterfaceOrientationLandscapeLeft UIInterfaceOrientationLandscapeRight UIInterfaceOrientationPortrait UIInterfaceOrientationPortraitUpsideDown";
				IPHONEOS_DEPLOYMENT_TARGET = 14.0;
				LD_RUNPATH_SEARCH_PATHS = (
					"$(inherited)",
					"@executable_path/Frameworks",
				);
				MARKETING_VERSION = 1.0;
				PRODUCT_BUNDLE_IDENTIFIER = com.mr.kelma.Doors;
				PRODUCT_NAME = "$(TARGET_NAME)";
				SUPPORTED_PLATFORMS = "iphoneos iphonesimulator";
				SUPPORTS_MACCATALYST = NO;
				SUPPORTS_MAC_DESIGNED_FOR_IPHONE_IPAD = NO;
				SWIFT_EMIT_LOC_STRINGS = YES;
				SWIFT_VERSION = 5.0;
				TARGETED_DEVICE_FAMILY = 1;
			};
			name = Debug;
		};
		70CE1A89296D7EC700031E68 /* Release */ = {
			isa = XCBuildConfiguration;
			baseConfigurationReference = E44DAB02C3F52519A7B7060E /* Pods-Doors.release.xcconfig */;
			buildSettings = {
				ASSETCATALOG_COMPILER_APPICON_NAME = AppIcon;
				ASSETCATALOG_COMPILER_GLOBAL_ACCENT_COLOR_NAME = AccentColor;
				CODE_SIGN_STYLE = Automatic;
				CURRENT_PROJECT_VERSION = 1;
				DEVELOPMENT_TEAM = 6PB4D5QX22;
				GENERATE_INFOPLIST_FILE = YES;
				INFOPLIST_FILE = Doors/Info.plist;
				INFOPLIST_KEY_UIApplicationSupportsIndirectInputEvents = YES;
				INFOPLIST_KEY_UILaunchStoryboardName = LaunchScreen;
				INFOPLIST_KEY_UISupportedInterfaceOrientations = UIInterfaceOrientationPortrait;
				INFOPLIST_KEY_UISupportedInterfaceOrientations_iPad = "UIInterfaceOrientationLandscapeLeft UIInterfaceOrientationLandscapeRight UIInterfaceOrientationPortrait UIInterfaceOrientationPortraitUpsideDown";
				IPHONEOS_DEPLOYMENT_TARGET = 14.0;
				LD_RUNPATH_SEARCH_PATHS = (
					"$(inherited)",
					"@executable_path/Frameworks",
				);
				MARKETING_VERSION = 1.0;
				PRODUCT_BUNDLE_IDENTIFIER = com.mr.kelma.Doors;
				PRODUCT_NAME = "$(TARGET_NAME)";
				SUPPORTED_PLATFORMS = "iphoneos iphonesimulator";
				SUPPORTS_MACCATALYST = NO;
				SUPPORTS_MAC_DESIGNED_FOR_IPHONE_IPAD = NO;
				SWIFT_EMIT_LOC_STRINGS = YES;
				SWIFT_VERSION = 5.0;
				TARGETED_DEVICE_FAMILY = 1;
			};
			name = Release;
		};
/* End XCBuildConfiguration section */

/* Begin XCConfigurationList section */
		70CE1A6E296D7EC500031E68 /* Build configuration list for PBXProject "Doors" */ = {
			isa = XCConfigurationList;
			buildConfigurations = (
				70CE1A85296D7EC700031E68 /* Debug */,
				70CE1A86296D7EC700031E68 /* Release */,
			);
			defaultConfigurationIsVisible = 0;
			defaultConfigurationName = Release;
		};
		70CE1A87296D7EC700031E68 /* Build configuration list for PBXNativeTarget "Doors" */ = {
			isa = XCConfigurationList;
			buildConfigurations = (
				70CE1A88296D7EC700031E68 /* Debug */,
				70CE1A89296D7EC700031E68 /* Release */,
			);
			defaultConfigurationIsVisible = 0;
			defaultConfigurationName = Release;
		};
/* End XCConfigurationList section */
	};
	rootObject = 70CE1A6B296D7EC500031E68 /* Project object */;
}
